<Solution>
  <Configurations>
    <BuildType Name="Developer - Debug" />
    <BuildType Name="Release - Alpha" />
    <BuildType Name="Release - Beta" />
    <BuildType Name="Release - Final" />
    <Platform Name="x64" />
  </Configurations>
  <Folder Name="/Plugins/">
    <Project Path="Plugins/AtlasTexturePlugin/AtlasTexturePlugin.csproj">
      <Platform Project="x64" />
    </Project>
    <Project Path="Plugins/BiowareLocalizationPlugin/BiowareLocalizationPlugin.csproj">
      <Platform Project="x64" />
    </Project>
    <Project Path="Plugins/BlankPlugin/BlankPlugin.csproj">
      <Platform Project="x64" />
    </Project>
    <Project Path="Plugins/BundleEditorPlugin/BundleEditorPlugin.csproj">
      <Platform Project="x64" />
    </Project>
    <Project Path="Plugins/ChunkResExplorerPlugin/ChunkResEditorPlugin.csproj">
      <Platform Project="x64" />
    </Project>
    <Project Path="Plugins/ConnectionPlugin/ConnectionPlugin.csproj">
      <Platform Project="x64" />
    </Project>
    <Project Path="Plugins/ConversationPlugin/ConversationPlugin.csproj">
      <Platform Project="x64" />
    </Project>
    <Project Path="Plugins/DelayLoadBundlePlugin/DelayLoadBundlePlugin.csproj">
      <Platform Project="x64" />
    </Project>
    <Project Path="Plugins/DifficultyWeaponTableDataPlugin/DifficultyWeaponTableDataPlugin.csproj">
      <Platform Project="x64" />
    </Project>
    <Project Path="Plugins/DuplicationPlugin/DuplicationPlugin.csproj">
      <Platform Project="x64" />
    </Project>
    <Project Path="Plugins/EbxToXmlPlugin/EbxToXmlPlugin.csproj">
      <Platform Project="x64" />
    </Project>
    <Project Path="Plugins/FsLocalizationPlugin/FsLocalizationPlugin.csproj">
      <Platform Project="x64" />
    </Project>
    <Project Path="Plugins/IesResourcePlugin/IesResourcePlugin.csproj">
      <Platform Project="x64" />
    </Project>
    <Project Path="Plugins/LaunchPlatformPlugin/LaunchPlatformPlugin.csproj">
      <Platform Project="x64" />
    </Project>
    <Project Path="Plugins/LocalizedStringPlugin/LocalizedStringPlugin.csproj">
      <Platform Project="x64" />
    </Project>
    <Project Path="Plugins/LuaPlugin/LuaPlugin.csproj">
      <Platform Project="x64" />
    </Project>
    <Project Path="Plugins/MeshSetPlugin/MeshSetPlugin.csproj">
      <Platform Project="x64" />
    </Project>
    <Project Path="Plugins/ObjectVariationPlugin/ObjectVariationPlugin.csproj">
      <Platform Project="x64" />
    </Project>
    <Project Path="Plugins/ReferencesPlugin/ReferencesPlugin.csproj">
      <Platform Project="x64" />
    </Project>
    <Project Path="Plugins/RefreshMeshVariationsPlugin/RefreshMeshVariationsPlugin.csproj">
      <Platform Project="x64" />
    </Project>
    <Project Path="Plugins/RootInstanceEntriesPlugin/RootInstanceEntriesPlugin.csproj">
      <Platform Project="x64" />
    </Project>
    <Project Path="Plugins/SoundEditorPlugin/SoundEditorPlugin.csproj">
      <Platform Project="x64" />
    </Project>
    <Project Path="Plugins/SvgImagePlugin/SvgImagePlugin.csproj">
      <Platform Project="x64" />
    </Project>
    <Project Path="Plugins/TestPlugin/TestPlugin.csproj">
      <Platform Project="x64" />
    </Project>
    <Project Path="Plugins/TexturePlugin/TexturePlugin.csproj">
      <Platform Project="x64" />
    </Project>
    <Project Path="Plugins/TypeExplorerPlugin/TypeExplorerPlugin.csproj">
      <Platform Project="x64" />
    </Project>
    <Project Path="Plugins/VersionDataPlugin/VersionDataPlugin.csproj">
      <Platform Project="x64" />
    </Project>
  </Folder>
  <Folder Name="/Plugins/Fifa/">
    <Project Path="Plugins/Fifa/LegacyBigFilePlugin/LegacyBigFilePlugin.csproj">
      <Platform Project="x64" />
    </Project>
    <Project Path="Plugins/Fifa/LegacyDatabasePlugin/LegacyDatabasePlugin.csproj">
      <Platform Project="x64" />
    </Project>
    <Project Path="Plugins/Fifa/LegacyDdsPlugin/LegacyDdsPlugin.csproj">
      <Platform Project="x64" />
    </Project>
    <Project Path="Plugins/Fifa/LegacyKitPreviewPlugin/LegacyKitPreviewPlugin.csproj">
      <Platform Project="x64" />
    </Project>
    <Project Path="Plugins/Fifa/LegacyLocalizedStringsPlugin/LegacyLocalizedStringsPlugin.csproj">
      <Platform Project="x64" />
    </Project>
    <Project Path="Plugins/Fifa/LegacyTextPlugin/LegacyTextPlugin.csproj">
      <Platform Project="x64" />
    </Project>
  </Folder>
  <Project Path="FrostyCmd/FrostyCmd.csproj">
    <Platform Project="x64" />
  </Project>
  <Project Path="FrostyControls/FrostyControls.csproj">
    <Platform Project="x64" />
  </Project>
  <Project Path="FrostyEditor/FrostyEditor.csproj">
    <BuildDependency Project="Plugins/AtlasTexturePlugin/AtlasTexturePlugin.csproj" />
    <BuildDependency Project="Plugins/BiowareLocalizationPlugin/BiowareLocalizationPlugin.csproj" />
    <BuildDependency Project="Plugins/BlankPlugin/BlankPlugin.csproj" />
    <BuildDependency Project="Plugins/BundleEditorPlugin/BundleEditorPlugin.csproj" />
    <BuildDependency Project="Plugins/ChunkResExplorerPlugin/ChunkResEditorPlugin.csproj" />
    <BuildDependency Project="Plugins/ConnectionPlugin/ConnectionPlugin.csproj" />
    <BuildDependency Project="Plugins/ConversationPlugin/ConversationPlugin.csproj" />
    <BuildDependency Project="Plugins/DelayLoadBundlePlugin/DelayLoadBundlePlugin.csproj" />
    <BuildDependency Project="Plugins/DifficultyWeaponTableDataPlugin/DifficultyWeaponTableDataPlugin.csproj" />
    <BuildDependency Project="Plugins/DuplicationPlugin/DuplicationPlugin.csproj" />
    <BuildDependency Project="Plugins/EbxToXmlPlugin/EbxToXmlPlugin.csproj" />
    <BuildDependency Project="Plugins/Fifa/LegacyBigFilePlugin/LegacyBigFilePlugin.csproj" />
    <BuildDependency Project="Plugins/Fifa/LegacyDatabasePlugin/LegacyDatabasePlugin.csproj" />
    <BuildDependency Project="Plugins/Fifa/LegacyDdsPlugin/LegacyDdsPlugin.csproj" />
    <BuildDependency Project="Plugins/Fifa/LegacyKitPreviewPlugin/LegacyKitPreviewPlugin.csproj" />
    <BuildDependency Project="Plugins/Fifa/LegacyLocalizedStringsPlugin/LegacyLocalizedStringsPlugin.csproj" />
    <BuildDependency Project="Plugins/Fifa/LegacyTextPlugin/LegacyTextPlugin.csproj" />
    <BuildDependency Project="Plugins/FsLocalizationPlugin/FsLocalizationPlugin.csproj" />
    <BuildDependency Project="Plugins/IesResourcePlugin/IesResourcePlugin.csproj" />
    <BuildDependency Project="Plugins/LaunchPlatformPlugin/LaunchPlatformPlugin.csproj" />
    <BuildDependency Project="Plugins/LocalizedStringPlugin/LocalizedStringPlugin.csproj" />
    <BuildDependency Project="Plugins/LuaPlugin/LuaPlugin.csproj" />
    <BuildDependency Project="Plugins/MeshSetPlugin/MeshSetPlugin.csproj" />
    <BuildDependency Project="Plugins/ObjectVariationPlugin/ObjectVariationPlugin.csproj" />
    <BuildDependency Project="Plugins/ReferencesPlugin/ReferencesPlugin.csproj" />
    <BuildDependency Project="Plugins/RefreshMeshVariationsPlugin/RefreshMeshVariationsPlugin.csproj" />
    <BuildDependency Project="Plugins/RootInstanceEntriesPlugin/RootInstanceEntriesPlugin.csproj" />
    <BuildDependency Project="Plugins/SoundEditorPlugin/SoundEditorPlugin.csproj" />
    <BuildDependency Project="Plugins/SvgImagePlugin/SvgImagePlugin.csproj" />
    <BuildDependency Project="Plugins/TestPlugin/TestPlugin.csproj" />
    <BuildDependency Project="Plugins/TexturePlugin/TexturePlugin.csproj" />
    <BuildDependency Project="Plugins/TypeExplorerPlugin/TypeExplorerPlugin.csproj" />
    <BuildDependency Project="Plugins/VersionDataPlugin/VersionDataPlugin.csproj" />
    <Platform Project="x64" />
  </Project>
  <Project Path="FrostyHash/FrostyHash.csproj">
    <Platform Project="x64" />
  </Project>
  <Project Path="FrostyModManager/FrostyModManager.csproj">
    <BuildDependency Project="Plugins/BiowareLocalizationPlugin/BiowareLocalizationPlugin.csproj" />
    <BuildDependency Project="Plugins/DifficultyWeaponTableDataPlugin/DifficultyWeaponTableDataPlugin.csproj" />
    <BuildDependency Project="Plugins/FsLocalizationPlugin/FsLocalizationPlugin.csproj" />
    <BuildDependency Project="Plugins/MeshSetPlugin/MeshSetPlugin.csproj" />
    <Platform Project="x64" />
  </Project>
  <Project Path="FrostyModSupport/FrostyModSupport.csproj">
    <Platform Project="x64" />
  </Project>
  <Project Path="FrostyPlugin/FrostyCore.csproj">
    <Platform Project="x64" />
  </Project>
  <Project Path="FrostySdk/FrostySdk.csproj">
    <Platform Project="x64" />
  </Project>
  <Project Path="Shaders/FrostyShaders.vcxproj" Id="cb97b27b-6604-43ce-97aa-8b349617928e">
    <BuildType Solution="Developer - Debug|*" Project="Debug" />
    <BuildType Solution="Release - Alpha|*" Project="Release" />
    <BuildType Solution="Release - Beta|*" Project="Release" />
    <BuildType Solution="Release - Final|*" Project="Release" />
  </Project>
</Solution>
